// !$*UTF8*$!
{
	archiveVersion = 1;
	classes = {
	};
	objectVersion = 56;
	objects = {

/* Begin PBXBuildFile section */
		66CE51F82C47F3DC004DF398 /* AppDelegate.swift in Sources */ = {isa = PBXBuildFile; fileRef = 66CE51F72C47F3DC004DF398 /* AppDelegate.swift */; };
		66CE51FA2C47F3DC004DF398 /* SceneDelegate.swift in Sources */ = {isa = PBXBuildFile; fileRef = 66CE51F92C47F3DC004DF398 /* SceneDelegate.swift */; };
		66CE51FC2C47F3DC004DF398 /* ViewController.swift in Sources */ = {isa = PBXBuildFile; fileRef = 66CE51FB2C47F3DC004DF398 /* ViewController.swift */; };
		66CE51FF2C47F3DC004DF398 /* Base in Resources */ = {isa = PBXBuildFile; fileRef = 66CE51FE2C47F3DC004DF398 /* Base */; };
		66CE52012C47F3DD004DF398 /* Assets.xcassets in Resources */ = {isa = PBXBuildFile; fileRef = 66CE52002C47F3DD004DF398 /* Assets.xcassets */; };
		66CE52042C47F3DD004DF398 /* Base in Resources */ = {isa = PBXBuildFile; fileRef = 66CE52032C47F3DD004DF398 /* Base */; };
		66CE520F2C47F3DD004DF398 /* SpotifyProjectTests.swift in Sources */ = {isa = PBXBuildFile; fileRef = 66CE520E2C47F3DD004DF398 /* SpotifyProjectTests.swift */; };
		66CE52192C47F3DD004DF398 /* SpotifyProjectUITests.swift in Sources */ = {isa = PBXBuildFile; fileRef = 66CE52182C47F3DD004DF398 /* SpotifyProjectUITests.swift */; };
		66CE521B2C47F3DD004DF398 /* SpotifyProjectUITestsLaunchTests.swift in Sources */ = {isa = PBXBuildFile; fileRef = 66CE521A2C47F3DD004DF398 /* SpotifyProjectUITestsLaunchTests.swift */; };
/* End PBXBuildFile section */

/* Begin PBXContainerItemProxy section */
		66CE520B2C47F3DD004DF398 /* PBXContainerItemProxy */ = {
			isa = PBXContainerItemProxy;
			containerPortal = 66CE51EC2C47F3DC004DF398 /* Project object */;
			proxyType = 1;
			remoteGlobalIDString = 66CE51F32C47F3DC004DF398;
			remoteInfo = SpotifyProject;
		};
		66CE52152C47F3DD004DF398 /* PBXContainerItemProxy */ = {
			isa = PBXContainerItemProxy;
			containerPortal = 66CE51EC2C47F3DC004DF398 /* Project object */;
			proxyType = 1;
			remoteGlobalIDString = 66CE51F32C47F3DC004DF398;
			remoteInfo = SpotifyProject;
		};
/* End PBXContainerItemProxy section */

/* Begin PBXFileReference section */
		66CE51F42C47F3DC004DF398 /* SpotifyProject.app */ = {isa = PBXFileReference; explicitFileType = wrapper.application; includeInIndex = 0; path = SpotifyProject.app; sourceTree = BUILT_PRODUCTS_DIR; };
		66CE51F72C47F3DC004DF398 /* AppDelegate.swift */ = {isa = PBXFileReference; lastKnownFileType = sourcecode.swift; path = AppDelegate.swift; sourceTree = "<group>"; };
		66CE51F92C47F3DC004DF398 /* SceneDelegate.swift */ = {isa = PBXFileReference; lastKnownFileType = sourcecode.swift; path = SceneDelegate.swift; sourceTree = "<group>"; };
		66CE51FB2C47F3DC004DF398 /* ViewController.swift */ = {isa = PBXFileReference; lastKnownFileType = sourcecode.swift; path = ViewController.swift; sourceTree = "<group>"; };
		66CE51FE2C47F3DC004DF398 /* Base */ = {isa = PBXFileReference; lastKnownFileType = file.storyboard; name = Base; path = Base.lproj/Main.storyboard; sourceTree = "<group>"; };
		66CE52002C47F3DD004DF398 /* Assets.xcassets */ = {isa = PBXFileReference; lastKnownFileType = folder.assetcatalog; path = Assets.xcassets; sourceTree = "<group>"; };
		66CE52032C47F3DD004DF398 /* Base */ = {isa = PBXFileReference; lastKnownFileType = file.storyboard; name = Base; path = Base.lproj/LaunchScreen.storyboard; sourceTree = "<group>"; };
		66CE52052C47F3DD004DF398 /* Info.plist */ = {isa = PBXFileReference; lastKnownFileType = text.plist.xml; path = Info.plist; sourceTree = "<group>"; };
		66CE520A2C47F3DD004DF398 /* SpotifyProjectTests.xctest */ = {isa = PBXFileReference; explicitFileType = wrapper.cfbundle; includeInIndex = 0; path = SpotifyProjectTests.xctest; sourceTree = BUILT_PRODUCTS_DIR; };
		66CE520E2C47F3DD004DF398 /* SpotifyProjectTests.swift */ = {isa = PBXFileReference; lastKnownFileType = sourcecode.swift; path = SpotifyProjectTests.swift; sourceTree = "<group>"; };
		66CE52142C47F3DD004DF398 /* SpotifyProjectUITests.xctest */ = {isa = PBXFileReference; explicitFileType = wrapper.cfbundle; includeInIndex = 0; path = SpotifyProjectUITests.xctest; sourceTree = BUILT_PRODUCTS_DIR; };
		66CE52182C47F3DD004DF398 /* SpotifyProjectUITests.swift */ = {isa = PBXFileReference; lastKnownFileType = sourcecode.swift; path = SpotifyProjectUITests.swift; sourceTree = "<group>"; };
		66CE521A2C47F3DD004DF398 /* SpotifyProjectUITestsLaunchTests.swift */ = {isa = PBXFileReference; lastKnownFileType = sourcecode.swift; path = SpotifyProjectUITestsLaunchTests.swift; sourceTree = "<group>"; };
/* End PBXFileReference section */

/* Begin PBXFrameworksBuildPhase section */
		66CE51F12C47F3DC004DF398 /* Frameworks */ = {
			isa = PBXFrameworksBuildPhase;
			buildActionMask = 2147483647;
			files = (
			);
			runOnlyForDeploymentPostprocessing = 0;
		};
		66CE52072C47F3DD004DF398 /* Frameworks */ = {
			isa = PBXFrameworksBuildPhase;
			buildActionMask = 2147483647;
			files = (
			);
			runOnlyForDeploymentPostprocessing = 0;
		};
		66CE52112C47F3DD004DF398 /* Frameworks */ = {
			isa = PBXFrameworksBuildPhase;
			buildActionMask = 2147483647;
			files = (
			);
			runOnlyForDeploymentPostprocessing = 0;
		};
/* End PBXFrameworksBuildPhase section */

/* Begin PBXGroup section */
		66CE51EB2C47F3DC004DF398 = {
			isa = PBXGroup;
			children = (
				66CE51F62C47F3DC004DF398 /* SpotifyProject */,
				66CE520D2C47F3DD004DF398 /* SpotifyProjectTests */,
				66CE52172C47F3DD004DF398 /* SpotifyProjectUITests */,
				66CE51F52C47F3DC004DF398 /* Products */,
			);
			sourceTree = "<group>";
		};
		66CE51F52C47F3DC004DF398 /* Products */ = {
			isa = PBXGroup;
			children = (
				66CE51F42C47F3DC004DF398 /* SpotifyProject.app */,
				66CE520A2C47F3DD004DF398 /* SpotifyProjectTests.xctest */,
				66CE52142C47F3DD004DF398 /* SpotifyProjectUITests.xctest */,
			);
			name = Products;
			sourceTree = "<group>";
		};
		66CE51F62C47F3DC004DF398 /* SpotifyProject */ = {
			isa = PBXGroup;
			children = (
				66CE51F72C47F3DC004DF398 /* AppDelegate.swift */,
				66CE51F92C47F3DC004DF398 /* SceneDelegate.swift */,
				66CE51FB2C47F3DC004DF398 /* ViewController.swift */,
				66CE51FD2C47F3DC004DF398 /* Main.storyboard */,
				66CE52002C47F3DD004DF398 /* Assets.xcassets */,
				66CE52022C47F3DD004DF398 /* LaunchScreen.storyboard */,
				66CE52052C47F3DD004DF398 /* Info.plist */,
			);
			path = SpotifyProject;
			sourceTree = "<group>";
		};
		66CE520D2C47F3DD004DF398 /* SpotifyProjectTests */ = {
			isa = PBXGroup;
			children = (
				66CE520E2C47F3DD004DF398 /* SpotifyProjectTests.swift */,
			);
			path = SpotifyProjectTests;
			sourceTree = "<group>";
		};
		66CE52172C47F3DD004DF398 /* SpotifyProjectUITests */ = {
			isa = PBXGroup;
			children = (
				66CE52182C47F3DD004DF398 /* SpotifyProjectUITests.swift */,
				66CE521A2C47F3DD004DF398 /* SpotifyProjectUITestsLaunchTests.swift */,
			);
			path = SpotifyProjectUITests;
			sourceTree = "<group>";
		};
/* End PBXGroup section */

/* Begin PBXNativeTarget section */
		66CE51F32C47F3DC004DF398 /* SpotifyProject */ = {
			isa = PBXNativeTarget;
			buildConfigurationList = 66CE521E2C47F3DD004DF398 /* Build configuration list for PBXNativeTarget "SpotifyProject" */;
			buildPhases = (
				66CE51F02C47F3DC004DF398 /* Sources */,
				66CE51F12C47F3DC004DF398 /* Frameworks */,
				66CE51F22C47F3DC004DF398 /* Resources */,
			);
			buildRules = (
			);
			dependencies = (
			);
			name = SpotifyProject;
			productName = SpotifyProject;
			productReference = 66CE51F42C47F3DC004DF398 /* SpotifyProject.app */;
			productType = "com.apple.product-type.application";
		};
		66CE52092C47F3DD004DF398 /* SpotifyProjectTests */ = {
			isa = PBXNativeTarget;
			buildConfigurationList = 66CE52212C47F3DD004DF398 /* Build configuration list for PBXNativeTarget "SpotifyProjectTests" */;
			buildPhases = (
				66CE52062C47F3DD004DF398 /* Sources */,
				66CE52072C47F3DD004DF398 /* Frameworks */,
				66CE52082C47F3DD004DF398 /* Resources */,
			);
			buildRules = (
			);
			dependencies = (
				66CE520C2C47F3DD004DF398 /* PBXTargetDependency */,
			);
			name = SpotifyProjectTests;
			productName = SpotifyProjectTests;
			productReference = 66CE520A2C47F3DD004DF398 /* SpotifyProjectTests.xctest */;
			productType = "com.apple.product-type.bundle.unit-test";
		};
		66CE52132C47F3DD004DF398 /* SpotifyProjectUITests */ = {
			isa = PBXNativeTarget;
			buildConfigurationList = 66CE52242C47F3DD004DF398 /* Build configuration list for PBXNativeTarget "SpotifyProjectUITests" */;
			buildPhases = (
				66CE52102C47F3DD004DF398 /* Sources */,
				66CE52112C47F3DD004DF398 /* Frameworks */,
				66CE52122C47F3DD004DF398 /* Resources */,
			);
			buildRules = (
			);
			dependencies = (
				66CE52162C47F3DD004DF398 /* PBXTargetDependency */,
			);
			name = SpotifyProjectUITests;
			productName = SpotifyProjectUITests;
			productReference = 66CE52142C47F3DD004DF398 /* SpotifyProjectUITests.xctest */;
			productType = "com.apple.product-type.bundle.ui-testing";
		};
/* End PBXNativeTarget section */

/* Begin PBXProject section */
		66CE51EC2C47F3DC004DF398 /* Project object */ = {
			isa = PBXProject;
			attributes = {
				BuildIndependentTargetsInParallel = 1;
				LastSwiftUpdateCheck = 1540;
				LastUpgradeCheck = 1540;
				TargetAttributes = {
					66CE51F32C47F3DC004DF398 = {
						CreatedOnToolsVersion = 15.4;
					};
					66CE52092C47F3DD004DF398 = {
						CreatedOnToolsVersion = 15.4;
						TestTargetID = 66CE51F32C47F3DC004DF398;
					};
					66CE52132C47F3DD004DF398 = {
						CreatedOnToolsVersion = 15.4;
						TestTargetID = 66CE51F32C47F3DC004DF398;
					};
				};
			};
			buildConfigurationList = 66CE51EF2C47F3DC004DF398 /* Build configuration list for PBXProject "SpotifyProject" */;
			compatibilityVersion = "Xcode 14.0";
			developmentRegion = en;
			hasScannedForEncodings = 0;
			knownRegions = (
				en,
				Base,
			);
			mainGroup = 66CE51EB2C47F3DC004DF398;
			productRefGroup = 66CE51F52C47F3DC004DF398 /* Products */;
			projectDirPath = "";
			projectRoot = "";
			targets = (
				66CE51F32C47F3DC004DF398 /* SpotifyProject */,
				66CE52092C47F3DD004DF398 /* SpotifyProjectTests */,
				66CE52132C47F3DD004DF398 /* SpotifyProjectUITests */,
			);
		};
/* End PBXProject section */

/* Begin PBXResourcesBuildPhase section */
		66CE51F22C47F3DC004DF398 /* Resources */ = {
			isa = PBXResourcesBuildPhase;
			buildActionMask = 2147483647;
			files = (
				66CE52012C47F3DD004DF398 /* Assets.xcassets in Resources */,
				66CE52042C47F3DD004DF398 /* Base in Resources */,
				66CE51FF2C47F3DC004DF398 /* Base in Resources */,
			);
			runOnlyForDeploymentPostprocessing = 0;
		};
		66CE52082C47F3DD004DF398 /* Resources */ = {
			isa = PBXResourcesBuildPhase;
			buildActionMask = 2147483647;
			files = (
			);
			runOnlyForDeploymentPostprocessing = 0;
		};
		66CE52122C47F3DD004DF398 /* Resources */ = {
			isa = PBXResourcesBuildPhase;
			buildActionMask = 2147483647;
			files = (
			);
			runOnlyForDeploymentPostprocessing = 0;
		};
/* End PBXResourcesBuildPhase section */

/* Begin PBXSourcesBuildPhase section */
		66CE51F02C47F3DC004DF398 /* Sources */ = {
			isa = PBXSourcesBuildPhase;
			buildActionMask = 2147483647;
			files = (
				66CE51FC2C47F3DC004DF398 /* ViewController.swift in Sources */,
				66CE51F82C47F3DC004DF398 /* AppDelegate.swift in Sources */,
				66CE51FA2C47F3DC004DF398 /* SceneDelegate.swift in Sources */,
			);
			runOnlyForDeploymentPostprocessing = 0;
		};
		66CE52062C47F3DD004DF398 /* Sources */ = {
			isa = PBXSourcesBuildPhase;
			buildActionMask = 2147483647;
			files = (
				66CE520F2C47F3DD004DF398 /* SpotifyProjectTests.swift in Sources */,
			);
			runOnlyForDeploymentPostprocessing = 0;
		};
		66CE52102C47F3DD004DF398 /* Sources */ = {
			isa = PBXSourcesBuildPhase;
			buildActionMask = 2147483647;
			files = (
				66CE52192C47F3DD004DF398 /* SpotifyProjectUITests.swift in Sources */,
				66CE521B2C47F3DD004DF398 /* SpotifyProjectUITestsLaunchTests.swift in Sources */,
			);
			runOnlyForDeploymentPostprocessing = 0;
		};
/* End PBXSourcesBuildPhase section */

/* Begin PBXTargetDependency section */
		66CE520C2C47F3DD004DF398 /* PBXTargetDependency */ = {
			isa = PBXTargetDependency;
			target = 66CE51F32C47F3DC004DF398 /* SpotifyProject */;
			targetProxy = 66CE520B2C47F3DD004DF398 /* PBXContainerItemProxy */;
		};
		66CE52162C47F3DD004DF398 /* PBXTargetDependency */ = {
			isa = PBXTargetDependency;
			target = 66CE51F32C47F3DC004DF398 /* SpotifyProject */;
			targetProxy = 66CE52152C47F3DD004DF398 /* PBXContainerItemProxy */;
		};
/* End PBXTargetDependency section */

/* Begin PBXVariantGroup section */
		66CE51FD2C47F3DC004DF398 /* Main.storyboard */ = {
			isa = PBXVariantGroup;
			children = (
				66CE51FE2C47F3DC004DF398 /* Base */,
			);
			name = Main.storyboard;
			sourceTree = "<group>";
		};
		66CE52022C47F3DD004DF398 /* LaunchScreen.storyboard */ = {
			isa = PBXVariantGroup;
			children = (
				66CE52032C47F3DD004DF398 /* Base */,
			);
			name = LaunchScreen.storyboard;
			sourceTree = "<group>";
		};
/* End PBXVariantGroup section */

/* Begin XCBuildConfiguration section */
		66CE521C2C47F3DD004DF398 /* Debug */ = {
			isa = XCBuildConfiguration;
			buildSettings = {
				ALWAYS_SEARCH_USER_PATHS = NO;
				ASSETCATALOG_COMPILER_GENERATE_SWIFT_ASSET_SYMBOL_EXTENSIONS = YES;
				CLANG_ANALYZER_NONNULL = YES;
				CLANG_ANALYZER_NUMBER_OBJECT_CONVERSION = YES_AGGRESSIVE;
				CLANG_CXX_LANGUAGE_STANDARD = "gnu++20";
				CLANG_ENABLE_MODULES = YES;
				CLANG_ENABLE_OBJC_ARC = YES;
				CLANG_ENABLE_OBJC_WEAK = YES;
				CLANG_WARN_BLOCK_CAPTURE_AUTORELEASING = YES;
				CLANG_WARN_BOOL_CONVERSION = YES;
				CLANG_WARN_COMMA = YES;
				CLANG_WARN_CONSTANT_CONVERSION = YES;
				CLANG_WARN_DEPRECATED_OBJC_IMPLEMENTATIONS = YES;
				CLANG_WARN_DIRECT_OBJC_ISA_USAGE = YES_ERROR;
				CLANG_WARN_DOCUMENTATION_COMMENTS = YES;
				CLANG_WARN_EMPTY_BODY = YES;
				CLANG_WARN_ENUM_CONVERSION = YES;
				CLANG_WARN_INFINITE_RECURSION = YES;
				CLANG_WARN_INT_CONVERSION = YES;
				CLANG_WARN_NON_LITERAL_NULL_CONVERSION = YES;
				CLANG_WARN_OBJC_IMPLICIT_RETAIN_SELF = YES;
				CLANG_WARN_OBJC_LITERAL_CONVERSION = YES;
				CLANG_WARN_OBJC_ROOT_CLASS = YES_ERROR;
				CLANG_WARN_QUOTED_INCLUDE_IN_FRAMEWORK_HEADER = YES;
				CLANG_WARN_RANGE_LOOP_ANALYSIS = YES;
				CLANG_WARN_STRICT_PROTOTYPES = YES;
				CLANG_WARN_SUSPICIOUS_MOVE = YES;
				CLANG_WARN_UNGUARDED_AVAILABILITY = YES_AGGRESSIVE;
				CLANG_WARN_UNREACHABLE_CODE = YES;
				CLANG_WARN__DUPLICATE_METHOD_MATCH = YES;
				COPY_PHASE_STRIP = NO;
				DEBUG_INFORMATION_FORMAT = dwarf;
				ENABLE_STRICT_OBJC_MSGSEND = YES;
				ENABLE_TESTABILITY = YES;
				ENABLE_USER_SCRIPT_SANDBOXING = YES;
				GCC_C_LANGUAGE_STANDARD = gnu17;
				GCC_DYNAMIC_NO_PIC = NO;
				GCC_NO_COMMON_BLOCKS = YES;
				GCC_OPTIMIZATION_LEVEL = 0;
				GCC_PREPROCESSOR_DEFINITIONS = (
					"DEBUG=1",
					"$(inherited)",
				);
				GCC_WARN_64_TO_32_BIT_CONVERSION = YES;
				GCC_WARN_ABOUT_RETURN_TYPE = YES_ERROR;
				GCC_WARN_UNDECLARED_SELECTOR = YES;
				GCC_WARN_UNINITIALIZED_AUTOS = YES_AGGRESSIVE;
				GCC_WARN_UNUSED_FUNCTION = YES;
				GCC_WARN_UNUSED_VARIABLE = YES;
				IPHONEOS_DEPLOYMENT_TARGET = 17.5;
				LOCALIZATION_PREFERS_STRING_CATALOGS = YES;
				MTL_ENABLE_DEBUG_INFO = INCLUDE_SOURCE;
				MTL_FAST_MATH = YES;
				ONLY_ACTIVE_ARCH = YES;
				SDKROOT = iphoneos;
				SWIFT_ACTIVE_COMPILATION_CONDITIONS = "DEBUG $(inherited)";
				SWIFT_OPTIMIZATION_LEVEL = "-Onone";
			};
			name = Debug;
		};
		66CE521D2C47F3DD004DF398 /* Release */ = {
			isa = XCBuildConfiguration;
			buildSettings = {
				ALWAYS_SEARCH_USER_PATHS = NO;
				ASSETCATALOG_COMPILER_GENERATE_SWIFT_ASSET_SYMBOL_EXTENSIONS = YES;
				CLANG_ANALYZER_NONNULL = YES;
				CLANG_ANALYZER_NUMBER_OBJECT_CONVERSION = YES_AGGRESSIVE;
				CLANG_CXX_LANGUAGE_STANDARD = "gnu++20";
				CLANG_ENABLE_MODULES = YES;
				CLANG_ENABLE_OBJC_ARC = YES;
				CLANG_ENABLE_OBJC_WEAK = YES;
				CLANG_WARN_BLOCK_CAPTURE_AUTORELEASING = YES;
				CLANG_WARN_BOOL_CONVERSION = YES;
				CLANG_WARN_COMMA = YES;
				CLANG_WARN_CONSTANT_CONVERSION = YES;
				CLANG_WARN_DEPRECATED_OBJC_IMPLEMENTATIONS = YES;
				CLANG_WARN_DIRECT_OBJC_ISA_USAGE = YES_ERROR;
				CLANG_WARN_DOCUMENTATION_COMMENTS = YES;
				CLANG_WARN_EMPTY_BODY = YES;
				CLANG_WARN_ENUM_CONVERSION = YES;
				CLANG_WARN_INFINITE_RECURSION = YES;
				CLANG_WARN_INT_CONVERSION = YES;
				CLANG_WARN_NON_LITERAL_NULL_CONVERSION = YES;
				CLANG_WARN_OBJC_IMPLICIT_RETAIN_SELF = YES;
				CLANG_WARN_OBJC_LITERAL_CONVERSION = YES;
				CLANG_WARN_OBJC_ROOT_CLASS = YES_ERROR;
				CLANG_WARN_QUOTED_INCLUDE_IN_FRAMEWORK_HEADER = YES;
				CLANG_WARN_RANGE_LOOP_ANALYSIS = YES;
				CLANG_WARN_STRICT_PROTOTYPES = YES;
				CLANG_WARN_SUSPICIOUS_MOVE = YES;
				CLANG_WARN_UNGUARDED_AVAILABILITY = YES_AGGRESSIVE;
				CLANG_WARN_UNREACHABLE_CODE = YES;
				CLANG_WARN__DUPLICATE_METHOD_MATCH = YES;
				COPY_PHASE_STRIP = NO;
				DEBUG_INFORMATION_FORMAT = "dwarf-with-dsym";
				ENABLE_NS_ASSERTIONS = NO;
				ENABLE_STRICT_OBJC_MSGSEND = YES;
				ENABLE_USER_SCRIPT_SANDBOXING = YES;
				GCC_C_LANGUAGE_STANDARD = gnu17;
				GCC_NO_COMMON_BLOCKS = YES;
				GCC_WARN_64_TO_32_BIT_CONVERSION = YES;
				GCC_WARN_ABOUT_RETURN_TYPE = YES_ERROR;
				GCC_WARN_UNDECLARED_SELECTOR = YES;
				GCC_WARN_UNINITIALIZED_AUTOS = YES_AGGRESSIVE;
				GCC_WARN_UNUSED_FUNCTION = YES;
				GCC_WARN_UNUSED_VARIABLE = YES;
				IPHONEOS_DEPLOYMENT_TARGET = 17.5;
				LOCALIZATION_PREFERS_STRING_CATALOGS = YES;
				MTL_ENABLE_DEBUG_INFO = NO;
				MTL_FAST_MATH = YES;
				SDKROOT = iphoneos;
				SWIFT_COMPILATION_MODE = wholemodule;
				VALIDATE_PRODUCT = YES;
			};
			name = Release;
		};
		66CE521F2C47F3DD004DF398 /* Debug */ = {
			isa = XCBuildConfiguration;
			buildSettings = {
				ASSETCATALOG_COMPILER_APPICON_NAME = AppIcon;
				ASSETCATALOG_COMPILER_GLOBAL_ACCENT_COLOR_NAME = AccentColor;
				CODE_SIGN_STYLE = Automatic;
				CURRENT_PROJECT_VERSION = 1;
				GENERATE_INFOPLIST_FILE = YES;
				INFOPLIST_FILE = SpotifyProject/Info.plist;
				INFOPLIST_KEY_UIApplicationSupportsIndirectInputEvents = YES;
				INFOPLIST_KEY_UILaunchStoryboardName = LaunchScreen;
				INFOPLIST_KEY_UIMainStoryboardFile = Main;
				INFOPLIST_KEY_UISupportedInterfaceOrientations_iPad = "UIInterfaceOrientationPortrait UIInterfaceOrientationPortraitUpsideDown UIInterfaceOrientationLandscapeLeft UIInterfaceOrientationLandscapeRight";
				INFOPLIST_KEY_UISupportedInterfaceOrientations_iPhone = "UIInterfaceOrientationPortrait UIInterfaceOrientationLandscapeLeft UIInterfaceOrientationLandscapeRight";
				LD_RUNPATH_SEARCH_PATHS = (
					"$(inherited)",
					"@executable_path/Frameworks",
				);
				MARKETING_VERSION = 1.0;
				PRODUCT_BUNDLE_IDENTIFIER = "gvladislav-52.SpotifyProject";
				PRODUCT_NAME = "$(TARGET_NAME)";
				SWIFT_EMIT_LOC_STRINGS = YES;
				SWIFT_VERSION = 5.0;
				TARGETED_DEVICE_FAMILY = "1,2";
			};
			name = Debug;
		};
		66CE52202C47F3DD004DF398 /* Release */ = {
			isa = XCBuildConfiguration;
			buildSettings = {
				ASSETCATALOG_COMPILER_APPICON_NAME = AppIcon;
				ASSETCATALOG_COMPILER_GLOBAL_ACCENT_COLOR_NAME = AccentColor;
				CODE_SIGN_STYLE = Automatic;
				CURRENT_PROJECT_VERSION = 1;
				GENERATE_INFOPLIST_FILE = YES;
				INFOPLIST_FILE = SpotifyProject/Info.plist;
				INFOPLIST_KEY_UIApplicationSupportsIndirectInputEvents = YES;
				INFOPLIST_KEY_UILaunchStoryboardName = LaunchScreen;
				INFOPLIST_KEY_UIMainStoryboardFile = Main;
				INFOPLIST_KEY_UISupportedInterfaceOrientations_iPad = "UIInterfaceOrientationPortrait UIInterfaceOrientationPortraitUpsideDown UIInterfaceOrientationLandscapeLeft UIInterfaceOrientationLandscapeRight";
				INFOPLIST_KEY_UISupportedInterfaceOrientations_iPhone = "UIInterfaceOrientationPortrait UIInterfaceOrientationLandscapeLeft UIInterfaceOrientationLandscapeRight";
				LD_RUNPATH_SEARCH_PATHS = (
					"$(inherited)",
					"@executable_path/Frameworks",
				);
				MARKETING_VERSION = 1.0;
				PRODUCT_BUNDLE_IDENTIFIER = "gvladislav-52.SpotifyProject";
				PRODUCT_NAME = "$(TARGET_NAME)";
				SWIFT_EMIT_LOC_STRINGS = YES;
				SWIFT_VERSION = 5.0;
				TARGETED_DEVICE_FAMILY = "1,2";
			};
			name = Release;
		};
		66CE52222C47F3DD004DF398 /* Debug */ = {
			isa = XCBuildConfiguration;
			buildSettings = {
				ALWAYS_EMBED_SWIFT_STANDARD_LIBRARIES = YES;
				BUNDLE_LOADER = "$(TEST_HOST)";
				CODE_SIGN_STYLE = Automatic;
				CURRENT_PROJECT_VERSION = 1;
				GENERATE_INFOPLIST_FILE = YES;
				IPHONEOS_DEPLOYMENT_TARGET = 17.5;
				MARKETING_VERSION = 1.0;
				PRODUCT_BUNDLE_IDENTIFIER = "gvladislav-52.SpotifyProjectTests";
				PRODUCT_NAME = "$(TARGET_NAME)";
				SWIFT_EMIT_LOC_STRINGS = NO;
				SWIFT_VERSION = 5.0;
				TARGETED_DEVICE_FAMILY = "1,2";
				TEST_HOST = "$(BUILT_PRODUCTS_DIR)/SpotifyProject.app/$(BUNDLE_EXECUTABLE_FOLDER_PATH)/SpotifyProject";
			};
			name = Debug;
		};
		66CE52232C47F3DD004DF398 /* Release */ = {
			isa = XCBuildConfiguration;
			buildSettings = {
				ALWAYS_EMBED_SWIFT_STANDARD_LIBRARIES = YES;
				BUNDLE_LOADER = "$(TEST_HOST)";
				CODE_SIGN_STYLE = Automatic;
				CURRENT_PROJECT_VERSION = 1;
				GENERATE_INFOPLIST_FILE = YES;
				IPHONEOS_DEPLOYMENT_TARGET = 17.5;
				MARKETING_VERSION = 1.0;
				PRODUCT_BUNDLE_IDENTIFIER = "gvladislav-52.SpotifyProjectTests";
				PRODUCT_NAME = "$(TARGET_NAME)";
				SWIFT_EMIT_LOC_STRINGS = NO;
				SWIFT_VERSION = 5.0;
				TARGETED_DEVICE_FAMILY = "1,2";
				TEST_HOST = "$(BUILT_PRODUCTS_DIR)/SpotifyProject.app/$(BUNDLE_EXECUTABLE_FOLDER_PATH)/SpotifyProject";
			};
			name = Release;
		};
		66CE52252C47F3DD004DF398 /* Debug */ = {
			isa = XCBuildConfiguration;
			buildSettings = {
				ALWAYS_EMBED_SWIFT_STANDARD_LIBRARIES = YES;
				CODE_SIGN_STYLE = Automatic;
				CURRENT_PROJECT_VERSION = 1;
				GENERATE_INFOPLIST_FILE = YES;
				MARKETING_VERSION = 1.0;
				PRODUCT_BUNDLE_IDENTIFIER = "gvladislav-52.SpotifyProjectUITests";
				PRODUCT_NAME = "$(TARGET_NAME)";
				SWIFT_EMIT_LOC_STRINGS = NO;
				SWIFT_VERSION = 5.0;
				TARGETED_DEVICE_FAMILY = "1,2";
				TEST_TARGET_NAME = SpotifyProject;
			};
			name = Debug;
		};
		66CE52262C47F3DD004DF398 /* Release */ = {
			isa = XCBuildConfiguration;
			buildSettings = {
				ALWAYS_EMBED_SWIFT_STANDARD_LIBRARIES = YES;
				CODE_SIGN_STYLE = Automatic;
				CURRENT_PROJECT_VERSION = 1;
				GENERATE_INFOPLIST_FILE = YES;
				MARKETING_VERSION = 1.0;
				PRODUCT_BUNDLE_IDENTIFIER = "gvladislav-52.SpotifyProjectUITests";
				PRODUCT_NAME = "$(TARGET_NAME)";
				SWIFT_EMIT_LOC_STRINGS = NO;
				SWIFT_VERSION = 5.0;
				TARGETED_DEVICE_FAMILY = "1,2";
				TEST_TARGET_NAME = SpotifyProject;
			};
			name = Release;
		};
/* End XCBuildConfiguration section */

/* Begin XCConfigurationList section */
		66CE51EF2C47F3DC004DF398 /* Build configuration list for PBXProject "SpotifyProject" */ = {
			isa = XCConfigurationList;
			buildConfigurations = (
				66CE521C2C47F3DD004DF398 /* Debug */,
				66CE521D2C47F3DD004DF398 /* Release */,
			);
			defaultConfigurationIsVisible = 0;
			defaultConfigurationName = Release;
		};
		66CE521E2C47F3DD004DF398 /* Build configuration list for PBXNativeTarget "SpotifyProject" */ = {
			isa = XCConfigurationList;
			buildConfigurations = (
				66CE521F2C47F3DD004DF398 /* Debug */,
				66CE52202C47F3DD004DF398 /* Release */,
			);
			defaultConfigurationIsVisible = 0;
			defaultConfigurationName = Release;
		};
		66CE52212C47F3DD004DF398 /* Build configuration list for PBXNativeTarget "SpotifyProjectTests" */ = {
			isa = XCConfigurationList;
			buildConfigurations = (
				66CE52222C47F3DD004DF398 /* Debug */,
				66CE52232C47F3DD004DF398 /* Release */,
			);
			defaultConfigurationIsVisible = 0;
			defaultConfigurationName = Release;
		};
		66CE52242C47F3DD004DF398 /* Build configuration list for PBXNativeTarget "SpotifyProjectUITests" */ = {
			isa = XCConfigurationList;
			buildConfigurations = (
				66CE52252C47F3DD004DF398 /* Debug */,
				66CE52262C47F3DD004DF398 /* Release */,
			);
			defaultConfigurationIsVisible = 0;
			defaultConfigurationName = Release;
		};
/* End XCConfigurationList section */
	};
	rootObject = 66CE51EC2C47F3DC004DF398 /* Project object */;
}
