// !$*UTF8*$!
{
	archiveVersion = 1;
	classes = {
	};
	objectVersion = 56;
	objects = {

/* Begin PBXBuildFile section */
		2879ECD30506E5F2803D75CD /* Pods_SpotifyProjectTests.framework in Frameworks */ = {isa = PBXBuildFile; fileRef = 770B2A959BDB840DEB415DDC /* Pods_SpotifyProjectTests.framework */; };
		665DD4C42C4EBEB800695D18 /* NewRealeasesResponse.swift in Sources */ = {isa = PBXBuildFile; fileRef = 665DD4C32C4EBEB800695D18 /* NewRealeasesResponse.swift */; };
		665DD4C62C4EBFEA00695D18 /* APIImage.swift in Sources */ = {isa = PBXBuildFile; fileRef = 665DD4C52C4EBFEA00695D18 /* APIImage.swift */; };
		6687D2DC2C553F10003FF2BD /* FeaturedPlaylistsResponse.swift in Sources */ = {isa = PBXBuildFile; fileRef = 6687D2DB2C553F10003FF2BD /* FeaturedPlaylistsResponse.swift */; };
		6687D2DE2C554299003FF2BD /* RecommendedGenresResponse.swift in Sources */ = {isa = PBXBuildFile; fileRef = 6687D2DD2C554299003FF2BD /* RecommendedGenresResponse.swift */; };
		6687D2E02C5548F1003FF2BD /* RecommendationResponse.swift in Sources */ = {isa = PBXBuildFile; fileRef = 6687D2DF2C5548F1003FF2BD /* RecommendationResponse.swift */; };
		66BE12AE2C4E7EE700E405F8 /* SettingModels.swift in Sources */ = {isa = PBXBuildFile; fileRef = 66BE12AD2C4E7EE700E405F8 /* SettingModels.swift */; };
		66CE51F82C47F3DC004DF398 /* AppDelegate.swift in Sources */ = {isa = PBXBuildFile; fileRef = 66CE51F72C47F3DC004DF398 /* AppDelegate.swift */; };
		66CE51FA2C47F3DC004DF398 /* SceneDelegate.swift in Sources */ = {isa = PBXBuildFile; fileRef = 66CE51F92C47F3DC004DF398 /* SceneDelegate.swift */; };
		66CE51FC2C47F3DC004DF398 /* HomeViewController.swift in Sources */ = {isa = PBXBuildFile; fileRef = 66CE51FB2C47F3DC004DF398 /* HomeViewController.swift */; };
		66CE52012C47F3DD004DF398 /* Assets.xcassets in Resources */ = {isa = PBXBuildFile; fileRef = 66CE52002C47F3DD004DF398 /* Assets.xcassets */; };
		66CE52042C47F3DD004DF398 /* Base in Resources */ = {isa = PBXBuildFile; fileRef = 66CE52032C47F3DD004DF398 /* Base */; };
		66CE520F2C47F3DD004DF398 /* SpotifyProjectTests.swift in Sources */ = {isa = PBXBuildFile; fileRef = 66CE520E2C47F3DD004DF398 /* SpotifyProjectTests.swift */; };
		66CE52192C47F3DD004DF398 /* SpotifyProjectUITests.swift in Sources */ = {isa = PBXBuildFile; fileRef = 66CE52182C47F3DD004DF398 /* SpotifyProjectUITests.swift */; };
		66CE521B2C47F3DD004DF398 /* SpotifyProjectUITestsLaunchTests.swift in Sources */ = {isa = PBXBuildFile; fileRef = 66CE521A2C47F3DD004DF398 /* SpotifyProjectUITestsLaunchTests.swift */; };
		66CE522E2C47F607004DF398 /* TabBarViewController.swift in Sources */ = {isa = PBXBuildFile; fileRef = 66CE522D2C47F607004DF398 /* TabBarViewController.swift */; };
		66CE52302C47F6D8004DF398 /* SearchViewController.swift in Sources */ = {isa = PBXBuildFile; fileRef = 66CE522F2C47F6D8004DF398 /* SearchViewController.swift */; };
		66CE52322C47F6F6004DF398 /* LibraryViewController.swift in Sources */ = {isa = PBXBuildFile; fileRef = 66CE52312C47F6F6004DF398 /* LibraryViewController.swift */; };
		66CE52362C47F756004DF398 /* AuthViewController.swift in Sources */ = {isa = PBXBuildFile; fileRef = 66CE52352C47F756004DF398 /* AuthViewController.swift */; };
		66CE52382C47F765004DF398 /* WelcomeViewController.swift in Sources */ = {isa = PBXBuildFile; fileRef = 66CE52372C47F765004DF398 /* WelcomeViewController.swift */; };
		66CE523A2C47F77B004DF398 /* SettingsViewController.swift in Sources */ = {isa = PBXBuildFile; fileRef = 66CE52392C47F77B004DF398 /* SettingsViewController.swift */; };
		66CE523C2C47F78D004DF398 /* ProfileViewController.swift in Sources */ = {isa = PBXBuildFile; fileRef = 66CE523B2C47F78D004DF398 /* ProfileViewController.swift */; };
		66CE523E2C47F79C004DF398 /* PlayerViewController.swift in Sources */ = {isa = PBXBuildFile; fileRef = 66CE523D2C47F79C004DF398 /* PlayerViewController.swift */; };
		66CE52402C47F7B3004DF398 /* PlaylistViewController.swift in Sources */ = {isa = PBXBuildFile; fileRef = 66CE523F2C47F7B3004DF398 /* PlaylistViewController.swift */; };
		66CE52422C47F7CF004DF398 /* SearchResultsViewController.swift in Sources */ = {isa = PBXBuildFile; fileRef = 66CE52412C47F7CF004DF398 /* SearchResultsViewController.swift */; };
		66CE52442C47F7F3004DF398 /* AuthManager.swift in Sources */ = {isa = PBXBuildFile; fileRef = 66CE52432C47F7F3004DF398 /* AuthManager.swift */; };
		66CE52462C47F7FF004DF398 /* APICaller.swift in Sources */ = {isa = PBXBuildFile; fileRef = 66CE52452C47F7FF004DF398 /* APICaller.swift */; };
		66CE52482C47F81C004DF398 /* HapticsManager.swift in Sources */ = {isa = PBXBuildFile; fileRef = 66CE52472C47F81C004DF398 /* HapticsManager.swift */; };
		66CE524A2C47F83A004DF398 /* Playlist.swift in Sources */ = {isa = PBXBuildFile; fileRef = 66CE52492C47F83A004DF398 /* Playlist.swift */; };
		66CE524C2C47F853004DF398 /* AudioTrack.swift in Sources */ = {isa = PBXBuildFile; fileRef = 66CE524B2C47F853004DF398 /* AudioTrack.swift */; };
		66CE524E2C47F86D004DF398 /* Artist.swift in Sources */ = {isa = PBXBuildFile; fileRef = 66CE524D2C47F86D004DF398 /* Artist.swift */; };
		66CE52502C47F89A004DF398 /* UserProfile.swift in Sources */ = {isa = PBXBuildFile; fileRef = 66CE524F2C47F89A004DF398 /* UserProfile.swift */; };
		66CE52522C48047C004DF398 /* Extensions.swift in Sources */ = {isa = PBXBuildFile; fileRef = 66CE52512C48047C004DF398 /* Extensions.swift */; };
		66CE52542C484ED0004DF398 /* AuthResponse.swift in Sources */ = {isa = PBXBuildFile; fileRef = 66CE52532C484ED0004DF398 /* AuthResponse.swift */; };
		8E7BA1D8187E7EFFC5C40492 /* Pods_SpotifyProject.framework in Frameworks */ = {isa = PBXBuildFile; fileRef = 7B2FD2E93F0A816A67D8CC2F /* Pods_SpotifyProject.framework */; };
		FDCBFF159D494686CF36D60B /* Pods_SpotifyProject_SpotifyProjectUITests.framework in Frameworks */ = {isa = PBXBuildFile; fileRef = 4D40C0CB3AD00D29DF9CC5D9 /* Pods_SpotifyProject_SpotifyProjectUITests.framework */; };
/* End PBXBuildFile section */

/* Begin PBXContainerItemProxy section */
		66CE520B2C47F3DD004DF398 /* PBXContainerItemProxy */ = {
			isa = PBXContainerItemProxy;
			containerPortal = 66CE51EC2C47F3DC004DF398 /* Project object */;
			proxyType = 1;
			remoteGlobalIDString = 66CE51F32C47F3DC004DF398;
			remoteInfo = SpotifyProject;
		};
		66CE52152C47F3DD004DF398 /* PBXContainerItemProxy */ = {
			isa = PBXContainerItemProxy;
			containerPortal = 66CE51EC2C47F3DC004DF398 /* Project object */;
			proxyType = 1;
			remoteGlobalIDString = 66CE51F32C47F3DC004DF398;
			remoteInfo = SpotifyProject;
		};
/* End PBXContainerItemProxy section */

/* Begin PBXFileReference section */
		09A5A0C839BDC760FB80BD0F /* Pods-SpotifyProject-SpotifyProjectUITests.release.xcconfig */ = {isa = PBXFileReference; includeInIndex = 1; lastKnownFileType = text.xcconfig; name = "Pods-SpotifyProject-SpotifyProjectUITests.release.xcconfig"; path = "Target Support Files/Pods-SpotifyProject-SpotifyProjectUITests/Pods-SpotifyProject-SpotifyProjectUITests.release.xcconfig"; sourceTree = "<group>"; };
		4D40C0CB3AD00D29DF9CC5D9 /* Pods_SpotifyProject_SpotifyProjectUITests.framework */ = {isa = PBXFileReference; explicitFileType = wrapper.framework; includeInIndex = 0; path = Pods_SpotifyProject_SpotifyProjectUITests.framework; sourceTree = BUILT_PRODUCTS_DIR; };
		665DD4C32C4EBEB800695D18 /* NewRealeasesResponse.swift */ = {isa = PBXFileReference; lastKnownFileType = sourcecode.swift; path = NewRealeasesResponse.swift; sourceTree = "<group>"; };
		665DD4C52C4EBFEA00695D18 /* APIImage.swift */ = {isa = PBXFileReference; lastKnownFileType = sourcecode.swift; path = APIImage.swift; sourceTree = "<group>"; };
		6687D2DB2C553F10003FF2BD /* FeaturedPlaylistsResponse.swift */ = {isa = PBXFileReference; lastKnownFileType = sourcecode.swift; path = FeaturedPlaylistsResponse.swift; sourceTree = "<group>"; };
		6687D2DD2C554299003FF2BD /* RecommendedGenresResponse.swift */ = {isa = PBXFileReference; lastKnownFileType = sourcecode.swift; path = RecommendedGenresResponse.swift; sourceTree = "<group>"; };
		6687D2DF2C5548F1003FF2BD /* RecommendationResponse.swift */ = {isa = PBXFileReference; lastKnownFileType = sourcecode.swift; path = RecommendationResponse.swift; sourceTree = "<group>"; };
		66BE12AD2C4E7EE700E405F8 /* SettingModels.swift */ = {isa = PBXFileReference; lastKnownFileType = sourcecode.swift; path = SettingModels.swift; sourceTree = "<group>"; };
		66CE51F42C47F3DC004DF398 /* SpotifyProject.app */ = {isa = PBXFileReference; explicitFileType = wrapper.application; includeInIndex = 0; path = SpotifyProject.app; sourceTree = BUILT_PRODUCTS_DIR; };
		66CE51F72C47F3DC004DF398 /* AppDelegate.swift */ = {isa = PBXFileReference; lastKnownFileType = sourcecode.swift; path = AppDelegate.swift; sourceTree = "<group>"; };
		66CE51F92C47F3DC004DF398 /* SceneDelegate.swift */ = {isa = PBXFileReference; lastKnownFileType = sourcecode.swift; path = SceneDelegate.swift; sourceTree = "<group>"; };
		66CE51FB2C47F3DC004DF398 /* HomeViewController.swift */ = {isa = PBXFileReference; lastKnownFileType = sourcecode.swift; path = HomeViewController.swift; sourceTree = "<group>"; };
		66CE52002C47F3DD004DF398 /* Assets.xcassets */ = {isa = PBXFileReference; lastKnownFileType = folder.assetcatalog; path = Assets.xcassets; sourceTree = "<group>"; };
		66CE52032C47F3DD004DF398 /* Base */ = {isa = PBXFileReference; lastKnownFileType = file.storyboard; name = Base; path = Base.lproj/LaunchScreen.storyboard; sourceTree = "<group>"; };
		66CE52052C47F3DD004DF398 /* Info.plist */ = {isa = PBXFileReference; lastKnownFileType = text.plist.xml; path = Info.plist; sourceTree = "<group>"; };
		66CE520A2C47F3DD004DF398 /* SpotifyProjectTests.xctest */ = {isa = PBXFileReference; explicitFileType = wrapper.cfbundle; includeInIndex = 0; path = SpotifyProjectTests.xctest; sourceTree = BUILT_PRODUCTS_DIR; };
		66CE520E2C47F3DD004DF398 /* SpotifyProjectTests.swift */ = {isa = PBXFileReference; lastKnownFileType = sourcecode.swift; path = SpotifyProjectTests.swift; sourceTree = "<group>"; };
		66CE52142C47F3DD004DF398 /* SpotifyProjectUITests.xctest */ = {isa = PBXFileReference; explicitFileType = wrapper.cfbundle; includeInIndex = 0; path = SpotifyProjectUITests.xctest; sourceTree = BUILT_PRODUCTS_DIR; };
		66CE52182C47F3DD004DF398 /* SpotifyProjectUITests.swift */ = {isa = PBXFileReference; lastKnownFileType = sourcecode.swift; path = SpotifyProjectUITests.swift; sourceTree = "<group>"; };
		66CE521A2C47F3DD004DF398 /* SpotifyProjectUITestsLaunchTests.swift */ = {isa = PBXFileReference; lastKnownFileType = sourcecode.swift; path = SpotifyProjectUITestsLaunchTests.swift; sourceTree = "<group>"; };
		66CE522D2C47F607004DF398 /* TabBarViewController.swift */ = {isa = PBXFileReference; lastKnownFileType = sourcecode.swift; path = TabBarViewController.swift; sourceTree = "<group>"; };
		66CE522F2C47F6D8004DF398 /* SearchViewController.swift */ = {isa = PBXFileReference; lastKnownFileType = sourcecode.swift; path = SearchViewController.swift; sourceTree = "<group>"; };
		66CE52312C47F6F6004DF398 /* LibraryViewController.swift */ = {isa = PBXFileReference; lastKnownFileType = sourcecode.swift; path = LibraryViewController.swift; sourceTree = "<group>"; };
		66CE52352C47F756004DF398 /* AuthViewController.swift */ = {isa = PBXFileReference; lastKnownFileType = sourcecode.swift; path = AuthViewController.swift; sourceTree = "<group>"; };
		66CE52372C47F765004DF398 /* WelcomeViewController.swift */ = {isa = PBXFileReference; lastKnownFileType = sourcecode.swift; path = WelcomeViewController.swift; sourceTree = "<group>"; };
		66CE52392C47F77B004DF398 /* SettingsViewController.swift */ = {isa = PBXFileReference; lastKnownFileType = sourcecode.swift; path = SettingsViewController.swift; sourceTree = "<group>"; };
		66CE523B2C47F78D004DF398 /* ProfileViewController.swift */ = {isa = PBXFileReference; lastKnownFileType = sourcecode.swift; path = ProfileViewController.swift; sourceTree = "<group>"; };
		66CE523D2C47F79C004DF398 /* PlayerViewController.swift */ = {isa = PBXFileReference; lastKnownFileType = sourcecode.swift; path = PlayerViewController.swift; sourceTree = "<group>"; };
		66CE523F2C47F7B3004DF398 /* PlaylistViewController.swift */ = {isa = PBXFileReference; lastKnownFileType = sourcecode.swift; path = PlaylistViewController.swift; sourceTree = "<group>"; };
		66CE52412C47F7CF004DF398 /* SearchResultsViewController.swift */ = {isa = PBXFileReference; lastKnownFileType = sourcecode.swift; path = SearchResultsViewController.swift; sourceTree = "<group>"; };
		66CE52432C47F7F3004DF398 /* AuthManager.swift */ = {isa = PBXFileReference; lastKnownFileType = sourcecode.swift; path = AuthManager.swift; sourceTree = "<group>"; };
		66CE52452C47F7FF004DF398 /* APICaller.swift */ = {isa = PBXFileReference; lastKnownFileType = sourcecode.swift; path = APICaller.swift; sourceTree = "<group>"; };
		66CE52472C47F81C004DF398 /* HapticsManager.swift */ = {isa = PBXFileReference; lastKnownFileType = sourcecode.swift; path = HapticsManager.swift; sourceTree = "<group>"; };
		66CE52492C47F83A004DF398 /* Playlist.swift */ = {isa = PBXFileReference; lastKnownFileType = sourcecode.swift; path = Playlist.swift; sourceTree = "<group>"; };
		66CE524B2C47F853004DF398 /* AudioTrack.swift */ = {isa = PBXFileReference; lastKnownFileType = sourcecode.swift; path = AudioTrack.swift; sourceTree = "<group>"; };
		66CE524D2C47F86D004DF398 /* Artist.swift */ = {isa = PBXFileReference; lastKnownFileType = sourcecode.swift; path = Artist.swift; sourceTree = "<group>"; };
		66CE524F2C47F89A004DF398 /* UserProfile.swift */ = {isa = PBXFileReference; lastKnownFileType = sourcecode.swift; path = UserProfile.swift; sourceTree = "<group>"; };
		66CE52512C48047C004DF398 /* Extensions.swift */ = {isa = PBXFileReference; lastKnownFileType = sourcecode.swift; path = Extensions.swift; sourceTree = "<group>"; };
		66CE52532C484ED0004DF398 /* AuthResponse.swift */ = {isa = PBXFileReference; lastKnownFileType = sourcecode.swift; path = AuthResponse.swift; sourceTree = "<group>"; };
		689AA224DBD15AB7A3F71A5D /* Pods-SpotifyProject-SpotifyProjectUITests.debug.xcconfig */ = {isa = PBXFileReference; includeInIndex = 1; lastKnownFileType = text.xcconfig; name = "Pods-SpotifyProject-SpotifyProjectUITests.debug.xcconfig"; path = "Target Support Files/Pods-SpotifyProject-SpotifyProjectUITests/Pods-SpotifyProject-SpotifyProjectUITests.debug.xcconfig"; sourceTree = "<group>"; };
		770B2A959BDB840DEB415DDC /* Pods_SpotifyProjectTests.framework */ = {isa = PBXFileReference; explicitFileType = wrapper.framework; includeInIndex = 0; path = Pods_SpotifyProjectTests.framework; sourceTree = BUILT_PRODUCTS_DIR; };
		7B2FD2E93F0A816A67D8CC2F /* Pods_SpotifyProject.framework */ = {isa = PBXFileReference; explicitFileType = wrapper.framework; includeInIndex = 0; path = Pods_SpotifyProject.framework; sourceTree = BUILT_PRODUCTS_DIR; };
		A59C1A20673BC446457C2C84 /* Pods-SpotifyProject.release.xcconfig */ = {isa = PBXFileReference; includeInIndex = 1; lastKnownFileType = text.xcconfig; name = "Pods-SpotifyProject.release.xcconfig"; path = "Target Support Files/Pods-SpotifyProject/Pods-SpotifyProject.release.xcconfig"; sourceTree = "<group>"; };
		B9E4D6062452DD1B3AFA8A84 /* Pods-SpotifyProjectTests.release.xcconfig */ = {isa = PBXFileReference; includeInIndex = 1; lastKnownFileType = text.xcconfig; name = "Pods-SpotifyProjectTests.release.xcconfig"; path = "Target Support Files/Pods-SpotifyProjectTests/Pods-SpotifyProjectTests.release.xcconfig"; sourceTree = "<group>"; };
		E60CF120F2656ED714B21795 /* Pods-SpotifyProject.debug.xcconfig */ = {isa = PBXFileReference; includeInIndex = 1; lastKnownFileType = text.xcconfig; name = "Pods-SpotifyProject.debug.xcconfig"; path = "Target Support Files/Pods-SpotifyProject/Pods-SpotifyProject.debug.xcconfig"; sourceTree = "<group>"; };
		FDA9F8702F5392CD4D25455C /* Pods-SpotifyProjectTests.debug.xcconfig */ = {isa = PBXFileReference; includeInIndex = 1; lastKnownFileType = text.xcconfig; name = "Pods-SpotifyProjectTests.debug.xcconfig"; path = "Target Support Files/Pods-SpotifyProjectTests/Pods-SpotifyProjectTests.debug.xcconfig"; sourceTree = "<group>"; };
/* End PBXFileReference section */

/* Begin PBXFrameworksBuildPhase section */
		66CE51F12C47F3DC004DF398 /* Frameworks */ = {
			isa = PBXFrameworksBuildPhase;
			buildActionMask = 2147483647;
			files = (
				8E7BA1D8187E7EFFC5C40492 /* Pods_SpotifyProject.framework in Frameworks */,
			);
			runOnlyForDeploymentPostprocessing = 0;
		};
		66CE52072C47F3DD004DF398 /* Frameworks */ = {
			isa = PBXFrameworksBuildPhase;
			buildActionMask = 2147483647;
			files = (
				2879ECD30506E5F2803D75CD /* Pods_SpotifyProjectTests.framework in Frameworks */,
			);
			runOnlyForDeploymentPostprocessing = 0;
		};
		66CE52112C47F3DD004DF398 /* Frameworks */ = {
			isa = PBXFrameworksBuildPhase;
			buildActionMask = 2147483647;
			files = (
				FDCBFF159D494686CF36D60B /* Pods_SpotifyProject_SpotifyProjectUITests.framework in Frameworks */,
			);
			runOnlyForDeploymentPostprocessing = 0;
		};
/* End PBXFrameworksBuildPhase section */

/* Begin PBXGroup section */
		45D718BC11721C31EE86F8B8 /* Pods */ = {
			isa = PBXGroup;
			children = (
				E60CF120F2656ED714B21795 /* Pods-SpotifyProject.debug.xcconfig */,
				A59C1A20673BC446457C2C84 /* Pods-SpotifyProject.release.xcconfig */,
				689AA224DBD15AB7A3F71A5D /* Pods-SpotifyProject-SpotifyProjectUITests.debug.xcconfig */,
				09A5A0C839BDC760FB80BD0F /* Pods-SpotifyProject-SpotifyProjectUITests.release.xcconfig */,
				FDA9F8702F5392CD4D25455C /* Pods-SpotifyProjectTests.debug.xcconfig */,
				B9E4D6062452DD1B3AFA8A84 /* Pods-SpotifyProjectTests.release.xcconfig */,
			);
			path = Pods;
			sourceTree = "<group>";
		};
		66CE51EB2C47F3DC004DF398 = {
			isa = PBXGroup;
			children = (
				66CE51F62C47F3DC004DF398 /* SpotifyProject */,
				66CE520D2C47F3DD004DF398 /* SpotifyProjectTests */,
				66CE52172C47F3DD004DF398 /* SpotifyProjectUITests */,
				66CE51F52C47F3DC004DF398 /* Products */,
				45D718BC11721C31EE86F8B8 /* Pods */,
				FF7B9BA3305481C7F2318FF2 /* Frameworks */,
			);
			sourceTree = "<group>";
		};
		66CE51F52C47F3DC004DF398 /* Products */ = {
			isa = PBXGroup;
			children = (
				66CE51F42C47F3DC004DF398 /* SpotifyProject.app */,
				66CE520A2C47F3DD004DF398 /* SpotifyProjectTests.xctest */,
				66CE52142C47F3DD004DF398 /* SpotifyProjectUITests.xctest */,
			);
			name = Products;
			sourceTree = "<group>";
		};
		66CE51F62C47F3DC004DF398 /* SpotifyProject */ = {
			isa = PBXGroup;
			children = (
				66CE522C2C47F46B004DF398 /* Resources */,
				66CE522B2C47F45E004DF398 /* Managers */,
				66CE522A2C47F449004DF398 /* ViewModels */,
				66CE52292C47F43E004DF398 /* Models */,
				66CE52282C47F42D004DF398 /* Views */,
				66CE52272C47F421004DF398 /* Controllers */,
				66CE52052C47F3DD004DF398 /* Info.plist */,
			);
			path = SpotifyProject;
			sourceTree = "<group>";
		};
		66CE520D2C47F3DD004DF398 /* SpotifyProjectTests */ = {
			isa = PBXGroup;
			children = (
				66CE520E2C47F3DD004DF398 /* SpotifyProjectTests.swift */,
			);
			path = SpotifyProjectTests;
			sourceTree = "<group>";
		};
		66CE52172C47F3DD004DF398 /* SpotifyProjectUITests */ = {
			isa = PBXGroup;
			children = (
				66CE52182C47F3DD004DF398 /* SpotifyProjectUITests.swift */,
				66CE521A2C47F3DD004DF398 /* SpotifyProjectUITestsLaunchTests.swift */,
			);
			path = SpotifyProjectUITests;
			sourceTree = "<group>";
		};
		66CE52272C47F421004DF398 /* Controllers */ = {
			isa = PBXGroup;
			children = (
				66CE52342C47F72C004DF398 /* Other */,
				66CE52332C47F713004DF398 /* Core */,
			);
			path = Controllers;
			sourceTree = "<group>";
		};
		66CE52282C47F42D004DF398 /* Views */ = {
			isa = PBXGroup;
			children = (
				66CE52022C47F3DD004DF398 /* LaunchScreen.storyboard */,
			);
			path = Views;
			sourceTree = "<group>";
		};
		66CE52292C47F43E004DF398 /* Models */ = {
			isa = PBXGroup;
			children = (
				66CE52492C47F83A004DF398 /* Playlist.swift */,
				66CE524B2C47F853004DF398 /* AudioTrack.swift */,
				66CE524D2C47F86D004DF398 /* Artist.swift */,
				66CE524F2C47F89A004DF398 /* UserProfile.swift */,
				66CE52532C484ED0004DF398 /* AuthResponse.swift */,
				66BE12AD2C4E7EE700E405F8 /* SettingModels.swift */,
				665DD4C32C4EBEB800695D18 /* NewRealeasesResponse.swift */,
				665DD4C52C4EBFEA00695D18 /* APIImage.swift */,
				6687D2DB2C553F10003FF2BD /* FeaturedPlaylistsResponse.swift */,
				6687D2DD2C554299003FF2BD /* RecommendedGenresResponse.swift */,
				6687D2DF2C5548F1003FF2BD /* RecommendationResponse.swift */,
			);
			path = Models;
			sourceTree = "<group>";
		};
		66CE522A2C47F449004DF398 /* ViewModels */ = {
			isa = PBXGroup;
			children = (
			);
			path = ViewModels;
			sourceTree = "<group>";
		};
		66CE522B2C47F45E004DF398 /* Managers */ = {
			isa = PBXGroup;
			children = (
				66CE52432C47F7F3004DF398 /* AuthManager.swift */,
				66CE52452C47F7FF004DF398 /* APICaller.swift */,
				66CE52472C47F81C004DF398 /* HapticsManager.swift */,
			);
			path = Managers;
			sourceTree = "<group>";
		};
		66CE522C2C47F46B004DF398 /* Resources */ = {
			isa = PBXGroup;
			children = (
				66CE52002C47F3DD004DF398 /* Assets.xcassets */,
				66CE51F72C47F3DC004DF398 /* AppDelegate.swift */,
				66CE51F92C47F3DC004DF398 /* SceneDelegate.swift */,
				66CE52512C48047C004DF398 /* Extensions.swift */,
			);
			path = Resources;
			sourceTree = "<group>";
		};
		66CE52332C47F713004DF398 /* Core */ = {
			isa = PBXGroup;
			children = (
				66CE522D2C47F607004DF398 /* TabBarViewController.swift */,
				66CE51FB2C47F3DC004DF398 /* HomeViewController.swift */,
				66CE522F2C47F6D8004DF398 /* SearchViewController.swift */,
				66CE52312C47F6F6004DF398 /* LibraryViewController.swift */,
			);
			path = Core;
			sourceTree = "<group>";
		};
		66CE52342C47F72C004DF398 /* Other */ = {
			isa = PBXGroup;
			children = (
				66CE52352C47F756004DF398 /* AuthViewController.swift */,
				66CE52372C47F765004DF398 /* WelcomeViewController.swift */,
				66CE52392C47F77B004DF398 /* SettingsViewController.swift */,
				66CE523B2C47F78D004DF398 /* ProfileViewController.swift */,
				66CE523D2C47F79C004DF398 /* PlayerViewController.swift */,
				66CE523F2C47F7B3004DF398 /* PlaylistViewController.swift */,
				66CE52412C47F7CF004DF398 /* SearchResultsViewController.swift */,
			);
			path = Other;
			sourceTree = "<group>";
		};
		FF7B9BA3305481C7F2318FF2 /* Frameworks */ = {
			isa = PBXGroup;
			children = (
				7B2FD2E93F0A816A67D8CC2F /* Pods_SpotifyProject.framework */,
				4D40C0CB3AD00D29DF9CC5D9 /* Pods_SpotifyProject_SpotifyProjectUITests.framework */,
				770B2A959BDB840DEB415DDC /* Pods_SpotifyProjectTests.framework */,
			);
			name = Frameworks;
			sourceTree = "<group>";
		};
/* End PBXGroup section */

/* Begin PBXNativeTarget section */
		66CE51F32C47F3DC004DF398 /* SpotifyProject */ = {
			isa = PBXNativeTarget;
			buildConfigurationList = 66CE521E2C47F3DD004DF398 /* Build configuration list for PBXNativeTarget "SpotifyProject" */;
			buildPhases = (
				76BB7674BFFA28D4B8AC61DA /* [CP] Check Pods Manifest.lock */,
				66CE51F02C47F3DC004DF398 /* Sources */,
				66CE51F12C47F3DC004DF398 /* Frameworks */,
				66CE51F22C47F3DC004DF398 /* Resources */,
				65AB6FDBBD1531C5B550C8E8 /* [CP] Embed Pods Frameworks */,
			);
			buildRules = (
			);
			dependencies = (
			);
			name = SpotifyProject;
			productName = SpotifyProject;
			productReference = 66CE51F42C47F3DC004DF398 /* SpotifyProject.app */;
			productType = "com.apple.product-type.application";
		};
		66CE52092C47F3DD004DF398 /* SpotifyProjectTests */ = {
			isa = PBXNativeTarget;
			buildConfigurationList = 66CE52212C47F3DD004DF398 /* Build configuration list for PBXNativeTarget "SpotifyProjectTests" */;
			buildPhases = (
				FE16F29AE132242E28EF9B88 /* [CP] Check Pods Manifest.lock */,
				66CE52062C47F3DD004DF398 /* Sources */,
				66CE52072C47F3DD004DF398 /* Frameworks */,
				66CE52082C47F3DD004DF398 /* Resources */,
			);
			buildRules = (
			);
			dependencies = (
				66CE520C2C47F3DD004DF398 /* PBXTargetDependency */,
			);
			name = SpotifyProjectTests;
			productName = SpotifyProjectTests;
			productReference = 66CE520A2C47F3DD004DF398 /* SpotifyProjectTests.xctest */;
			productType = "com.apple.product-type.bundle.unit-test";
		};
		66CE52132C47F3DD004DF398 /* SpotifyProjectUITests */ = {
			isa = PBXNativeTarget;
			buildConfigurationList = 66CE52242C47F3DD004DF398 /* Build configuration list for PBXNativeTarget "SpotifyProjectUITests" */;
			buildPhases = (
				B17C499230444FB6338530C0 /* [CP] Check Pods Manifest.lock */,
				66CE52102C47F3DD004DF398 /* Sources */,
				66CE52112C47F3DD004DF398 /* Frameworks */,
				66CE52122C47F3DD004DF398 /* Resources */,
				05E8E62E6A2497B70D743505 /* [CP] Embed Pods Frameworks */,
			);
			buildRules = (
			);
			dependencies = (
				66CE52162C47F3DD004DF398 /* PBXTargetDependency */,
			);
			name = SpotifyProjectUITests;
			productName = SpotifyProjectUITests;
			productReference = 66CE52142C47F3DD004DF398 /* SpotifyProjectUITests.xctest */;
			productType = "com.apple.product-type.bundle.ui-testing";
		};
/* End PBXNativeTarget section */

/* Begin PBXProject section */
		66CE51EC2C47F3DC004DF398 /* Project object */ = {
			isa = PBXProject;
			attributes = {
				BuildIndependentTargetsInParallel = 1;
				LastSwiftUpdateCheck = 1540;
				LastUpgradeCheck = 1540;
				TargetAttributes = {
					66CE51F32C47F3DC004DF398 = {
						CreatedOnToolsVersion = 15.4;
					};
					66CE52092C47F3DD004DF398 = {
						CreatedOnToolsVersion = 15.4;
						TestTargetID = 66CE51F32C47F3DC004DF398;
					};
					66CE52132C47F3DD004DF398 = {
						CreatedOnToolsVersion = 15.4;
						TestTargetID = 66CE51F32C47F3DC004DF398;
					};
				};
			};
			buildConfigurationList = 66CE51EF2C47F3DC004DF398 /* Build configuration list for PBXProject "SpotifyProject" */;
			compatibilityVersion = "Xcode 14.0";
			developmentRegion = en;
			hasScannedForEncodings = 0;
			knownRegions = (
				en,
				Base,
			);
			mainGroup = 66CE51EB2C47F3DC004DF398;
			productRefGroup = 66CE51F52C47F3DC004DF398 /* Products */;
			projectDirPath = "";
			projectRoot = "";
			targets = (
				66CE51F32C47F3DC004DF398 /* SpotifyProject */,
				66CE52092C47F3DD004DF398 /* SpotifyProjectTests */,
				66CE52132C47F3DD004DF398 /* SpotifyProjectUITests */,
			);
		};
/* End PBXProject section */

/* Begin PBXResourcesBuildPhase section */
		66CE51F22C47F3DC004DF398 /* Resources */ = {
			isa = PBXResourcesBuildPhase;
			buildActionMask = 2147483647;
			files = (
				66CE52012C47F3DD004DF398 /* Assets.xcassets in Resources */,
				66CE52042C47F3DD004DF398 /* Base in Resources */,
			);
			runOnlyForDeploymentPostprocessing = 0;
		};
		66CE52082C47F3DD004DF398 /* Resources */ = {
			isa = PBXResourcesBuildPhase;
			buildActionMask = 2147483647;
			files = (
			);
			runOnlyForDeploymentPostprocessing = 0;
		};
		66CE52122C47F3DD004DF398 /* Resources */ = {
			isa = PBXResourcesBuildPhase;
			buildActionMask = 2147483647;
			files = (
			);
			runOnlyForDeploymentPostprocessing = 0;
		};
/* End PBXResourcesBuildPhase section */

/* Begin PBXShellScriptBuildPhase section */
		05E8E62E6A2497B70D743505 /* [CP] Embed Pods Frameworks */ = {
			isa = PBXShellScriptBuildPhase;
			buildActionMask = 2147483647;
			files = (
			);
			inputFileListPaths = (
				"${PODS_ROOT}/Target Support Files/Pods-SpotifyProject-SpotifyProjectUITests/Pods-SpotifyProject-SpotifyProjectUITests-frameworks-${CONFIGURATION}-input-files.xcfilelist",
			);
			name = "[CP] Embed Pods Frameworks";
			outputFileListPaths = (
				"${PODS_ROOT}/Target Support Files/Pods-SpotifyProject-SpotifyProjectUITests/Pods-SpotifyProject-SpotifyProjectUITests-frameworks-${CONFIGURATION}-output-files.xcfilelist",
			);
			runOnlyForDeploymentPostprocessing = 0;
			shellPath = /bin/sh;
			shellScript = "\"${PODS_ROOT}/Target Support Files/Pods-SpotifyProject-SpotifyProjectUITests/Pods-SpotifyProject-SpotifyProjectUITests-frameworks.sh\"\n";
			showEnvVarsInLog = 0;
		};
		65AB6FDBBD1531C5B550C8E8 /* [CP] Embed Pods Frameworks */ = {
			isa = PBXShellScriptBuildPhase;
			buildActionMask = 2147483647;
			files = (
			);
			inputFileListPaths = (
				"${PODS_ROOT}/Target Support Files/Pods-SpotifyProject/Pods-SpotifyProject-frameworks-${CONFIGURATION}-input-files.xcfilelist",
			);
			name = "[CP] Embed Pods Frameworks";
			outputFileListPaths = (
				"${PODS_ROOT}/Target Support Files/Pods-SpotifyProject/Pods-SpotifyProject-frameworks-${CONFIGURATION}-output-files.xcfilelist",
			);
			runOnlyForDeploymentPostprocessing = 0;
			shellPath = /bin/sh;
			shellScript = "\"${PODS_ROOT}/Target Support Files/Pods-SpotifyProject/Pods-SpotifyProject-frameworks.sh\"\n";
			showEnvVarsInLog = 0;
		};
		76BB7674BFFA28D4B8AC61DA /* [CP] Check Pods Manifest.lock */ = {
			isa = PBXShellScriptBuildPhase;
			buildActionMask = 2147483647;
			files = (
			);
			inputFileListPaths = (
			);
			inputPaths = (
				"${PODS_PODFILE_DIR_PATH}/Podfile.lock",
				"${PODS_ROOT}/Manifest.lock",
			);
			name = "[CP] Check Pods Manifest.lock";
			outputFileListPaths = (
			);
			outputPaths = (
				"$(DERIVED_FILE_DIR)/Pods-SpotifyProject-checkManifestLockResult.txt",
			);
			runOnlyForDeploymentPostprocessing = 0;
			shellPath = /bin/sh;
			shellScript = "diff \"${PODS_PODFILE_DIR_PATH}/Podfile.lock\" \"${PODS_ROOT}/Manifest.lock\" > /dev/null\nif [ $? != 0 ] ; then\n    # print error to STDERR\n    echo \"error: The sandbox is not in sync with the Podfile.lock. Run 'pod install' or update your CocoaPods installation.\" >&2\n    exit 1\nfi\n# This output is used by Xcode 'outputs' to avoid re-running this script phase.\necho \"SUCCESS\" > \"${SCRIPT_OUTPUT_FILE_0}\"\n";
			showEnvVarsInLog = 0;
		};
		B17C499230444FB6338530C0 /* [CP] Check Pods Manifest.lock */ = {
			isa = PBXShellScriptBuildPhase;
			buildActionMask = 2147483647;
			files = (
			);
			inputFileListPaths = (
			);
			inputPaths = (
				"${PODS_PODFILE_DIR_PATH}/Podfile.lock",
				"${PODS_ROOT}/Manifest.lock",
			);
			name = "[CP] Check Pods Manifest.lock";
			outputFileListPaths = (
			);
			outputPaths = (
				"$(DERIVED_FILE_DIR)/Pods-SpotifyProject-SpotifyProjectUITests-checkManifestLockResult.txt",
			);
			runOnlyForDeploymentPostprocessing = 0;
			shellPath = /bin/sh;
			shellScript = "diff \"${PODS_PODFILE_DIR_PATH}/Podfile.lock\" \"${PODS_ROOT}/Manifest.lock\" > /dev/null\nif [ $? != 0 ] ; then\n    # print error to STDERR\n    echo \"error: The sandbox is not in sync with the Podfile.lock. Run 'pod install' or update your CocoaPods installation.\" >&2\n    exit 1\nfi\n# This output is used by Xcode 'outputs' to avoid re-running this script phase.\necho \"SUCCESS\" > \"${SCRIPT_OUTPUT_FILE_0}\"\n";
			showEnvVarsInLog = 0;
		};
		FE16F29AE132242E28EF9B88 /* [CP] Check Pods Manifest.lock */ = {
			isa = PBXShellScriptBuildPhase;
			buildActionMask = 2147483647;
			files = (
			);
			inputFileListPaths = (
			);
			inputPaths = (
				"${PODS_PODFILE_DIR_PATH}/Podfile.lock",
				"${PODS_ROOT}/Manifest.lock",
			);
			name = "[CP] Check Pods Manifest.lock";
			outputFileListPaths = (
			);
			outputPaths = (
				"$(DERIVED_FILE_DIR)/Pods-SpotifyProjectTests-checkManifestLockResult.txt",
			);
			runOnlyForDeploymentPostprocessing = 0;
			shellPath = /bin/sh;
			shellScript = "diff \"${PODS_PODFILE_DIR_PATH}/Podfile.lock\" \"${PODS_ROOT}/Manifest.lock\" > /dev/null\nif [ $? != 0 ] ; then\n    # print error to STDERR\n    echo \"error: The sandbox is not in sync with the Podfile.lock. Run 'pod install' or update your CocoaPods installation.\" >&2\n    exit 1\nfi\n# This output is used by Xcode 'outputs' to avoid re-running this script phase.\necho \"SUCCESS\" > \"${SCRIPT_OUTPUT_FILE_0}\"\n";
			showEnvVarsInLog = 0;
		};
/* End PBXShellScriptBuildPhase section */

/* Begin PBXSourcesBuildPhase section */
		66CE51F02C47F3DC004DF398 /* Sources */ = {
			isa = PBXSourcesBuildPhase;
			buildActionMask = 2147483647;
			files = (
				66CE52302C47F6D8004DF398 /* SearchViewController.swift in Sources */,
				66CE524A2C47F83A004DF398 /* Playlist.swift in Sources */,
				66CE52442C47F7F3004DF398 /* AuthManager.swift in Sources */,
				66CE52422C47F7CF004DF398 /* SearchResultsViewController.swift in Sources */,
				665DD4C62C4EBFEA00695D18 /* APIImage.swift in Sources */,
				66CE52382C47F765004DF398 /* WelcomeViewController.swift in Sources */,
				66CE523C2C47F78D004DF398 /* ProfileViewController.swift in Sources */,
				6687D2E02C5548F1003FF2BD /* RecommendationResponse.swift in Sources */,
				66CE522E2C47F607004DF398 /* TabBarViewController.swift in Sources */,
				66CE52482C47F81C004DF398 /* HapticsManager.swift in Sources */,
				66CE52542C484ED0004DF398 /* AuthResponse.swift in Sources */,
				66CE524C2C47F853004DF398 /* AudioTrack.swift in Sources */,
				66CE51FC2C47F3DC004DF398 /* HomeViewController.swift in Sources */,
				66BE12AE2C4E7EE700E405F8 /* SettingModels.swift in Sources */,
				66CE52362C47F756004DF398 /* AuthViewController.swift in Sources */,
				66CE51F82C47F3DC004DF398 /* AppDelegate.swift in Sources */,
				66CE52502C47F89A004DF398 /* UserProfile.swift in Sources */,
				665DD4C42C4EBEB800695D18 /* NewRealeasesResponse.swift in Sources */,
				66CE52522C48047C004DF398 /* Extensions.swift in Sources */,
				66CE52322C47F6F6004DF398 /* LibraryViewController.swift in Sources */,
				66CE524E2C47F86D004DF398 /* Artist.swift in Sources */,
				66CE52402C47F7B3004DF398 /* PlaylistViewController.swift in Sources */,
				66CE51FA2C47F3DC004DF398 /* SceneDelegate.swift in Sources */,
				66CE523E2C47F79C004DF398 /* PlayerViewController.swift in Sources */,
				66CE52462C47F7FF004DF398 /* APICaller.swift in Sources */,
				6687D2DC2C553F10003FF2BD /* FeaturedPlaylistsResponse.swift in Sources */,
				66CE523A2C47F77B004DF398 /* SettingsViewController.swift in Sources */,
				6687D2DE2C554299003FF2BD /* RecommendedGenresResponse.swift in Sources */,
			);
			runOnlyForDeploymentPostprocessing = 0;
		};
		66CE52062C47F3DD004DF398 /* Sources */ = {
			isa = PBXSourcesBuildPhase;
			buildActionMask = 2147483647;
			files = (
				66CE520F2C47F3DD004DF398 /* SpotifyProjectTests.swift in Sources */,
			);
			runOnlyForDeploymentPostprocessing = 0;
		};
		66CE52102C47F3DD004DF398 /* Sources */ = {
			isa = PBXSourcesBuildPhase;
			buildActionMask = 2147483647;
			files = (
				66CE52192C47F3DD004DF398 /* SpotifyProjectUITests.swift in Sources */,
				66CE521B2C47F3DD004DF398 /* SpotifyProjectUITestsLaunchTests.swift in Sources */,
			);
			runOnlyForDeploymentPostprocessing = 0;
		};
/* End PBXSourcesBuildPhase section */

/* Begin PBXTargetDependency section */
		66CE520C2C47F3DD004DF398 /* PBXTargetDependency */ = {
			isa = PBXTargetDependency;
			target = 66CE51F32C47F3DC004DF398 /* SpotifyProject */;
			targetProxy = 66CE520B2C47F3DD004DF398 /* PBXContainerItemProxy */;
		};
		66CE52162C47F3DD004DF398 /* PBXTargetDependency */ = {
			isa = PBXTargetDependency;
			target = 66CE51F32C47F3DC004DF398 /* SpotifyProject */;
			targetProxy = 66CE52152C47F3DD004DF398 /* PBXContainerItemProxy */;
		};
/* End PBXTargetDependency section */

/* Begin PBXVariantGroup section */
		66CE52022C47F3DD004DF398 /* LaunchScreen.storyboard */ = {
			isa = PBXVariantGroup;
			children = (
				66CE52032C47F3DD004DF398 /* Base */,
			);
			name = LaunchScreen.storyboard;
			sourceTree = "<group>";
		};
/* End PBXVariantGroup section */

/* Begin XCBuildConfiguration section */
		66CE521C2C47F3DD004DF398 /* Debug */ = {
			isa = XCBuildConfiguration;
			buildSettings = {
				ALWAYS_SEARCH_USER_PATHS = NO;
				ASSETCATALOG_COMPILER_GENERATE_SWIFT_ASSET_SYMBOL_EXTENSIONS = YES;
				CLANG_ANALYZER_NONNULL = YES;
				CLANG_ANALYZER_NUMBER_OBJECT_CONVERSION = YES_AGGRESSIVE;
				CLANG_CXX_LANGUAGE_STANDARD = "gnu++20";
				CLANG_ENABLE_MODULES = YES;
				CLANG_ENABLE_OBJC_ARC = YES;
				CLANG_ENABLE_OBJC_WEAK = YES;
				CLANG_WARN_BLOCK_CAPTURE_AUTORELEASING = YES;
				CLANG_WARN_BOOL_CONVERSION = YES;
				CLANG_WARN_COMMA = YES;
				CLANG_WARN_CONSTANT_CONVERSION = YES;
				CLANG_WARN_DEPRECATED_OBJC_IMPLEMENTATIONS = YES;
				CLANG_WARN_DIRECT_OBJC_ISA_USAGE = YES_ERROR;
				CLANG_WARN_DOCUMENTATION_COMMENTS = YES;
				CLANG_WARN_EMPTY_BODY = YES;
				CLANG_WARN_ENUM_CONVERSION = YES;
				CLANG_WARN_INFINITE_RECURSION = YES;
				CLANG_WARN_INT_CONVERSION = YES;
				CLANG_WARN_NON_LITERAL_NULL_CONVERSION = YES;
				CLANG_WARN_OBJC_IMPLICIT_RETAIN_SELF = YES;
				CLANG_WARN_OBJC_LITERAL_CONVERSION = YES;
				CLANG_WARN_OBJC_ROOT_CLASS = YES_ERROR;
				CLANG_WARN_QUOTED_INCLUDE_IN_FRAMEWORK_HEADER = YES;
				CLANG_WARN_RANGE_LOOP_ANALYSIS = YES;
				CLANG_WARN_STRICT_PROTOTYPES = YES;
				CLANG_WARN_SUSPICIOUS_MOVE = YES;
				CLANG_WARN_UNGUARDED_AVAILABILITY = YES_AGGRESSIVE;
				CLANG_WARN_UNREACHABLE_CODE = YES;
				CLANG_WARN__DUPLICATE_METHOD_MATCH = YES;
				COPY_PHASE_STRIP = NO;
				DEBUG_INFORMATION_FORMAT = dwarf;
				ENABLE_STRICT_OBJC_MSGSEND = YES;
				ENABLE_TESTABILITY = YES;
				ENABLE_USER_SCRIPT_SANDBOXING = NO;
				GCC_C_LANGUAGE_STANDARD = gnu17;
				GCC_DYNAMIC_NO_PIC = NO;
				GCC_NO_COMMON_BLOCKS = YES;
				GCC_OPTIMIZATION_LEVEL = 0;
				GCC_PREPROCESSOR_DEFINITIONS = (
					"DEBUG=1",
					"$(inherited)",
				);
				GCC_WARN_64_TO_32_BIT_CONVERSION = YES;
				GCC_WARN_ABOUT_RETURN_TYPE = YES_ERROR;
				GCC_WARN_UNDECLARED_SELECTOR = YES;
				GCC_WARN_UNINITIALIZED_AUTOS = YES_AGGRESSIVE;
				GCC_WARN_UNUSED_FUNCTION = YES;
				GCC_WARN_UNUSED_VARIABLE = YES;
				IPHONEOS_DEPLOYMENT_TARGET = 17.5;
				LOCALIZATION_PREFERS_STRING_CATALOGS = YES;
				MTL_ENABLE_DEBUG_INFO = INCLUDE_SOURCE;
				MTL_FAST_MATH = YES;
				ONLY_ACTIVE_ARCH = YES;
				SDKROOT = iphoneos;
				SWIFT_ACTIVE_COMPILATION_CONDITIONS = "DEBUG $(inherited)";
				SWIFT_OPTIMIZATION_LEVEL = "-Onone";
			};
			name = Debug;
		};
		66CE521D2C47F3DD004DF398 /* Release */ = {
			isa = XCBuildConfiguration;
			buildSettings = {
				ALWAYS_SEARCH_USER_PATHS = NO;
				ASSETCATALOG_COMPILER_GENERATE_SWIFT_ASSET_SYMBOL_EXTENSIONS = YES;
				CLANG_ANALYZER_NONNULL = YES;
				CLANG_ANALYZER_NUMBER_OBJECT_CONVERSION = YES_AGGRESSIVE;
				CLANG_CXX_LANGUAGE_STANDARD = "gnu++20";
				CLANG_ENABLE_MODULES = YES;
				CLANG_ENABLE_OBJC_ARC = YES;
				CLANG_ENABLE_OBJC_WEAK = YES;
				CLANG_WARN_BLOCK_CAPTURE_AUTORELEASING = YES;
				CLANG_WARN_BOOL_CONVERSION = YES;
				CLANG_WARN_COMMA = YES;
				CLANG_WARN_CONSTANT_CONVERSION = YES;
				CLANG_WARN_DEPRECATED_OBJC_IMPLEMENTATIONS = YES;
				CLANG_WARN_DIRECT_OBJC_ISA_USAGE = YES_ERROR;
				CLANG_WARN_DOCUMENTATION_COMMENTS = YES;
				CLANG_WARN_EMPTY_BODY = YES;
				CLANG_WARN_ENUM_CONVERSION = YES;
				CLANG_WARN_INFINITE_RECURSION = YES;
				CLANG_WARN_INT_CONVERSION = YES;
				CLANG_WARN_NON_LITERAL_NULL_CONVERSION = YES;
				CLANG_WARN_OBJC_IMPLICIT_RETAIN_SELF = YES;
				CLANG_WARN_OBJC_LITERAL_CONVERSION = YES;
				CLANG_WARN_OBJC_ROOT_CLASS = YES_ERROR;
				CLANG_WARN_QUOTED_INCLUDE_IN_FRAMEWORK_HEADER = YES;
				CLANG_WARN_RANGE_LOOP_ANALYSIS = YES;
				CLANG_WARN_STRICT_PROTOTYPES = YES;
				CLANG_WARN_SUSPICIOUS_MOVE = YES;
				CLANG_WARN_UNGUARDED_AVAILABILITY = YES_AGGRESSIVE;
				CLANG_WARN_UNREACHABLE_CODE = YES;
				CLANG_WARN__DUPLICATE_METHOD_MATCH = YES;
				COPY_PHASE_STRIP = NO;
				DEBUG_INFORMATION_FORMAT = "dwarf-with-dsym";
				ENABLE_NS_ASSERTIONS = NO;
				ENABLE_STRICT_OBJC_MSGSEND = YES;
				ENABLE_USER_SCRIPT_SANDBOXING = NO;
				GCC_C_LANGUAGE_STANDARD = gnu17;
				GCC_NO_COMMON_BLOCKS = YES;
				GCC_WARN_64_TO_32_BIT_CONVERSION = YES;
				GCC_WARN_ABOUT_RETURN_TYPE = YES_ERROR;
				GCC_WARN_UNDECLARED_SELECTOR = YES;
				GCC_WARN_UNINITIALIZED_AUTOS = YES_AGGRESSIVE;
				GCC_WARN_UNUSED_FUNCTION = YES;
				GCC_WARN_UNUSED_VARIABLE = YES;
				IPHONEOS_DEPLOYMENT_TARGET = 17.5;
				LOCALIZATION_PREFERS_STRING_CATALOGS = YES;
				MTL_ENABLE_DEBUG_INFO = NO;
				MTL_FAST_MATH = YES;
				SDKROOT = iphoneos;
				SWIFT_COMPILATION_MODE = wholemodule;
				VALIDATE_PRODUCT = YES;
			};
			name = Release;
		};
		66CE521F2C47F3DD004DF398 /* Debug */ = {
			isa = XCBuildConfiguration;
			baseConfigurationReference = E60CF120F2656ED714B21795 /* Pods-SpotifyProject.debug.xcconfig */;
			buildSettings = {
				ASSETCATALOG_COMPILER_APPICON_NAME = AppIcon;
				ASSETCATALOG_COMPILER_GLOBAL_ACCENT_COLOR_NAME = AccentColor;
				CODE_SIGN_STYLE = Automatic;
				CURRENT_PROJECT_VERSION = 1;
				GENERATE_INFOPLIST_FILE = YES;
				INFOPLIST_FILE = SpotifyProject/Info.plist;
				INFOPLIST_KEY_UIApplicationSupportsIndirectInputEvents = YES;
				INFOPLIST_KEY_UILaunchStoryboardName = LaunchScreen;
				INFOPLIST_KEY_UISupportedInterfaceOrientations_iPad = "UIInterfaceOrientationPortrait UIInterfaceOrientationPortraitUpsideDown UIInterfaceOrientationLandscapeLeft UIInterfaceOrientationLandscapeRight";
				INFOPLIST_KEY_UISupportedInterfaceOrientations_iPhone = "UIInterfaceOrientationPortrait UIInterfaceOrientationLandscapeLeft UIInterfaceOrientationLandscapeRight";
				LD_RUNPATH_SEARCH_PATHS = (
					"$(inherited)",
					"@executable_path/Frameworks",
				);
				MARKETING_VERSION = 1.0;
				PRODUCT_BUNDLE_IDENTIFIER = "gvladislav-52.SpotifyProject";
				PRODUCT_NAME = "$(TARGET_NAME)";
				SUPPORTED_PLATFORMS = "iphoneos iphonesimulator";
				SUPPORTS_MACCATALYST = NO;
				SUPPORTS_MAC_DESIGNED_FOR_IPHONE_IPAD = NO;
				SUPPORTS_XR_DESIGNED_FOR_IPHONE_IPAD = NO;
				SWIFT_EMIT_LOC_STRINGS = YES;
				SWIFT_VERSION = 5.0;
				TARGETED_DEVICE_FAMILY = 1;
			};
			name = Debug;
		};
		66CE52202C47F3DD004DF398 /* Release */ = {
			isa = XCBuildConfiguration;
			baseConfigurationReference = A59C1A20673BC446457C2C84 /* Pods-SpotifyProject.release.xcconfig */;
			buildSettings = {
				ASSETCATALOG_COMPILER_APPICON_NAME = AppIcon;
				ASSETCATALOG_COMPILER_GLOBAL_ACCENT_COLOR_NAME = AccentColor;
				CODE_SIGN_STYLE = Automatic;
				CURRENT_PROJECT_VERSION = 1;
				GENERATE_INFOPLIST_FILE = YES;
				INFOPLIST_FILE = SpotifyProject/Info.plist;
				INFOPLIST_KEY_UIApplicationSupportsIndirectInputEvents = YES;
				INFOPLIST_KEY_UILaunchStoryboardName = LaunchScreen;
				INFOPLIST_KEY_UISupportedInterfaceOrientations_iPad = "UIInterfaceOrientationPortrait UIInterfaceOrientationPortraitUpsideDown UIInterfaceOrientationLandscapeLeft UIInterfaceOrientationLandscapeRight";
				INFOPLIST_KEY_UISupportedInterfaceOrientations_iPhone = "UIInterfaceOrientationPortrait UIInterfaceOrientationLandscapeLeft UIInterfaceOrientationLandscapeRight";
				LD_RUNPATH_SEARCH_PATHS = (
					"$(inherited)",
					"@executable_path/Frameworks",
				);
				MARKETING_VERSION = 1.0;
				PRODUCT_BUNDLE_IDENTIFIER = "gvladislav-52.SpotifyProject";
				PRODUCT_NAME = "$(TARGET_NAME)";
				SUPPORTED_PLATFORMS = "iphoneos iphonesimulator";
				SUPPORTS_MACCATALYST = NO;
				SUPPORTS_MAC_DESIGNED_FOR_IPHONE_IPAD = NO;
				SUPPORTS_XR_DESIGNED_FOR_IPHONE_IPAD = NO;
				SWIFT_EMIT_LOC_STRINGS = YES;
				SWIFT_VERSION = 5.0;
				TARGETED_DEVICE_FAMILY = 1;
			};
			name = Release;
		};
		66CE52222C47F3DD004DF398 /* Debug */ = {
			isa = XCBuildConfiguration;
			baseConfigurationReference = FDA9F8702F5392CD4D25455C /* Pods-SpotifyProjectTests.debug.xcconfig */;
			buildSettings = {
				ALWAYS_EMBED_SWIFT_STANDARD_LIBRARIES = YES;
				BUNDLE_LOADER = "$(TEST_HOST)";
				CODE_SIGN_STYLE = Automatic;
				CURRENT_PROJECT_VERSION = 1;
				GENERATE_INFOPLIST_FILE = YES;
				IPHONEOS_DEPLOYMENT_TARGET = 17.5;
				MARKETING_VERSION = 1.0;
				PRODUCT_BUNDLE_IDENTIFIER = "gvladislav-52.SpotifyProjectTests";
				PRODUCT_NAME = "$(TARGET_NAME)";
				SWIFT_EMIT_LOC_STRINGS = NO;
				SWIFT_VERSION = 5.0;
				TARGETED_DEVICE_FAMILY = "1,2";
				TEST_HOST = "$(BUILT_PRODUCTS_DIR)/SpotifyProject.app/$(BUNDLE_EXECUTABLE_FOLDER_PATH)/SpotifyProject";
			};
			name = Debug;
		};
		66CE52232C47F3DD004DF398 /* Release */ = {
			isa = XCBuildConfiguration;
			baseConfigurationReference = B9E4D6062452DD1B3AFA8A84 /* Pods-SpotifyProjectTests.release.xcconfig */;
			buildSettings = {
				ALWAYS_EMBED_SWIFT_STANDARD_LIBRARIES = YES;
				BUNDLE_LOADER = "$(TEST_HOST)";
				CODE_SIGN_STYLE = Automatic;
				CURRENT_PROJECT_VERSION = 1;
				GENERATE_INFOPLIST_FILE = YES;
				IPHONEOS_DEPLOYMENT_TARGET = 17.5;
				MARKETING_VERSION = 1.0;
				PRODUCT_BUNDLE_IDENTIFIER = "gvladislav-52.SpotifyProjectTests";
				PRODUCT_NAME = "$(TARGET_NAME)";
				SWIFT_EMIT_LOC_STRINGS = NO;
				SWIFT_VERSION = 5.0;
				TARGETED_DEVICE_FAMILY = "1,2";
				TEST_HOST = "$(BUILT_PRODUCTS_DIR)/SpotifyProject.app/$(BUNDLE_EXECUTABLE_FOLDER_PATH)/SpotifyProject";
			};
			name = Release;
		};
		66CE52252C47F3DD004DF398 /* Debug */ = {
			isa = XCBuildConfiguration;
			baseConfigurationReference = 689AA224DBD15AB7A3F71A5D /* Pods-SpotifyProject-SpotifyProjectUITests.debug.xcconfig */;
			buildSettings = {
				ALWAYS_EMBED_SWIFT_STANDARD_LIBRARIES = YES;
				CODE_SIGN_STYLE = Automatic;
				CURRENT_PROJECT_VERSION = 1;
				GENERATE_INFOPLIST_FILE = YES;
				MARKETING_VERSION = 1.0;
				PRODUCT_BUNDLE_IDENTIFIER = "gvladislav-52.SpotifyProjectUITests";
				PRODUCT_NAME = "$(TARGET_NAME)";
				SWIFT_EMIT_LOC_STRINGS = NO;
				SWIFT_VERSION = 5.0;
				TARGETED_DEVICE_FAMILY = "1,2";
				TEST_TARGET_NAME = SpotifyProject;
			};
			name = Debug;
		};
		66CE52262C47F3DD004DF398 /* Release */ = {
			isa = XCBuildConfiguration;
			baseConfigurationReference = 09A5A0C839BDC760FB80BD0F /* Pods-SpotifyProject-SpotifyProjectUITests.release.xcconfig */;
			buildSettings = {
				ALWAYS_EMBED_SWIFT_STANDARD_LIBRARIES = YES;
				CODE_SIGN_STYLE = Automatic;
				CURRENT_PROJECT_VERSION = 1;
				GENERATE_INFOPLIST_FILE = YES;
				MARKETING_VERSION = 1.0;
				PRODUCT_BUNDLE_IDENTIFIER = "gvladislav-52.SpotifyProjectUITests";
				PRODUCT_NAME = "$(TARGET_NAME)";
				SWIFT_EMIT_LOC_STRINGS = NO;
				SWIFT_VERSION = 5.0;
				TARGETED_DEVICE_FAMILY = "1,2";
				TEST_TARGET_NAME = SpotifyProject;
			};
			name = Release;
		};
/* End XCBuildConfiguration section */

/* Begin XCConfigurationList section */
		66CE51EF2C47F3DC004DF398 /* Build configuration list for PBXProject "SpotifyProject" */ = {
			isa = XCConfigurationList;
			buildConfigurations = (
				66CE521C2C47F3DD004DF398 /* Debug */,
				66CE521D2C47F3DD004DF398 /* Release */,
			);
			defaultConfigurationIsVisible = 0;
			defaultConfigurationName = Release;
		};
		66CE521E2C47F3DD004DF398 /* Build configuration list for PBXNativeTarget "SpotifyProject" */ = {
			isa = XCConfigurationList;
			buildConfigurations = (
				66CE521F2C47F3DD004DF398 /* Debug */,
				66CE52202C47F3DD004DF398 /* Release */,
			);
			defaultConfigurationIsVisible = 0;
			defaultConfigurationName = Release;
		};
		66CE52212C47F3DD004DF398 /* Build configuration list for PBXNativeTarget "SpotifyProjectTests" */ = {
			isa = XCConfigurationList;
			buildConfigurations = (
				66CE52222C47F3DD004DF398 /* Debug */,
				66CE52232C47F3DD004DF398 /* Release */,
			);
			defaultConfigurationIsVisible = 0;
			defaultConfigurationName = Release;
		};
		66CE52242C47F3DD004DF398 /* Build configuration list for PBXNativeTarget "SpotifyProjectUITests" */ = {
			isa = XCConfigurationList;
			buildConfigurations = (
				66CE52252C47F3DD004DF398 /* Debug */,
				66CE52262C47F3DD004DF398 /* Release */,
			);
			defaultConfigurationIsVisible = 0;
			defaultConfigurationName = Release;
		};
/* End XCConfigurationList section */
	};
	rootObject = 66CE51EC2C47F3DC004DF398 /* Project object */;
}
